{"SurveyEntry":{"SurveyID":"SV_agEAHklmOfmgZz7","SurveyName":"COVID-19 Daily Self Check","SurveyDescription":null,"SurveyOwnerID":"UR_6iiCiW3IUV8KIWV","SurveyBrandID":"wmsas","DivisionID":null,"SurveyLanguage":"EN","SurveyActiveResponseSet":"RS_3VsNwgaWpKZiGPP","SurveyStatus":"Active","SurveyStartDate":"0000-00-00 00:00:00","SurveyExpirationDate":"0000-00-00 00:00:00","SurveyCreationDate":"2020-07-16 08:51:36","CreatorID":"UR_6iiCiW3IUV8KIWV","LastModified":"2020-07-16 12:17:10","LastAccessed":"0000-00-00 00:00:00","LastActivated":"2020-07-16 08:56:24","Deleted":null},"SurveyElements":[{"SurveyID":"SV_agEAHklmOfmgZz7","Element":"BL","PrimaryAttribute":"Survey Blocks","SecondaryAttribute":null,"TertiaryAttribute":null,"Payload":[{"Type":"Default","Description":"Default Question Block","ID":"BL_3KnDFXsY0WgWnnn","BlockElements":[{"Type":"Question","QuestionID":"QID1"},{"Type":"Question","QuestionID":"QID4"},{"Type":"Question","QuestionID":"QID2"},{"Type":"Question","QuestionID":"QID6"}]},{"Type":"Trash","Description":"Trash \/ Unused Questions","ID":"BL_6MfO2qqjCvm4wS1","BlockElements":[{"Type":"Question","QuestionID":"QID5"},{"Type":"Question","QuestionID":"QID3"}]}]},{"SurveyID":"SV_agEAHklmOfmgZz7","Element":"FL","PrimaryAttribute":"Survey Flow","SecondaryAttribute":null,"TertiaryAttribute":null,"Payload":{"Type":"Root","FlowID":"FL_1","Flow":[{"Type":"Block","ID":"BL_3KnDFXsY0WgWnnn","FlowID":"FL_2"},{"Type":"Branch","FlowID":"FL_6","Description":"New Branch","BranchLogic":{"0":{"0":{"LogicType":"Question","QuestionID":"QID2","QuestionIsInLoop":"no","ChoiceLocator":"q:\/\/QID2\/SelectableChoice\/1","Operator":"Selected","QuestionIDFromLocator":"QID2","LeftOperand":"q:\/\/QID2\/SelectableChoice\/1","Type":"Expression","Description":"<span class=\"ConjDesc\">If<\/span> <span class=\"QuestionDesc\">Red Question: In the last 24 hours, unrelated to a chronic condition or seasonal allergies, I've...<\/span> <span class=\"LeftOpDesc\">Yes<\/span> <span class=\"OpDesc\">Is Selected<\/span> "},"Type":"If"},"Type":"BooleanExpression"},"Flow":[{"Type":"EndSurvey","FlowID":"FL_8","EndingType":"Advanced","Options":{"Advanced":"true","SurveyTermination":"DisplayMessage","EOSMessageLibrary":"UR_6iiCiW3IUV8KIWV","EOSMessage":"MS_8FY8fyUblEhhyO9"}}]},{"Type":"Branch","FlowID":"FL_10","Description":"New Branch","BranchLogic":{"0":{"0":{"LogicType":"Question","QuestionID":"QID2","QuestionIsInLoop":"no","ChoiceLocator":"q:\/\/QID2\/SelectableChoice\/2","Operator":"Selected","QuestionIDFromLocator":"QID2","LeftOperand":"q:\/\/QID2\/SelectableChoice\/2","Type":"Expression","Description":"<span class=\"ConjDesc\">If<\/span> <span class=\"QuestionDesc\">Red Question: In the last 24 hours, unrelated to a chronic condition or seasonal allergies, I've...<\/span> <span class=\"LeftOpDesc\">No<\/span> <span class=\"OpDesc\">Is Selected<\/span> "},"Type":"If"},"Type":"BooleanExpression"},"Flow":[{"Type":"Branch","FlowID":"FL_15","Description":"New Branch","BranchLogic":{"0":{"0":{"LogicType":"Question","QuestionID":"QID6","QuestionIsInLoop":"no","ChoiceLocator":"q:\/\/QID6\/SelectableChoice\/10","Operator":"Selected","QuestionIDFromLocator":"QID6","LeftOperand":"q:\/\/QID6\/SelectableChoice\/10","Type":"Expression","Description":"<span class=\"ConjDesc\">If<\/span> <span class=\"QuestionDesc\">In the last 24 hours, unrelated to a chronic condition or seasonal allergies, I've experienced one or more of the following. Please select all that you've experienced, or none of the above.<\/span> <span class=\"LeftOpDesc\">headache<\/span> <span class=\"OpDesc\">Is Selected<\/span> "},"1":{"LogicType":"Question","QuestionID":"QID6","QuestionIsInLoop":"no","ChoiceLocator":"q:\/\/QID6\/SelectableChoice\/11","Operator":"Selected","QuestionIDFromLocator":"QID6","LeftOperand":"q:\/\/QID6\/SelectableChoice\/11","Type":"Expression","Description":"<span class=\"ConjDesc\">Or<\/span> <span class=\"QuestionDesc\">In the last 24 hours, unrelated to a chronic condition or seasonal allergies, I've experienced one or more of the following. Please select all that you've experienced, or none of the above.<\/span> <span class=\"LeftOpDesc\">fever<\/span> <span class=\"OpDesc\">Is Selected<\/span> ","Conjuction":"Or"},"2":{"LogicType":"Question","QuestionID":"QID6","QuestionIsInLoop":"no","ChoiceLocator":"q:\/\/QID6\/SelectableChoice\/12","Operator":"Selected","QuestionIDFromLocator":"QID6","LeftOperand":"q:\/\/QID6\/SelectableChoice\/12","Type":"Expression","Description":"<span class=\"ConjDesc\">Or<\/span> <span class=\"QuestionDesc\">In the last 24 hours, unrelated to a chronic condition or seasonal allergies, I've experienced one or more of the following. Please select all that you've experienced, or none of the above.<\/span> <span class=\"LeftOpDesc\">chills<\/span> <span class=\"OpDesc\">Is Selected<\/span> ","Conjuction":"Or"},"3":{"LogicType":"Question","QuestionID":"QID6","QuestionIsInLoop":"no","ChoiceLocator":"q:\/\/QID6\/SelectableChoice\/13","Operator":"Selected","QuestionIDFromLocator":"QID6","LeftOperand":"q:\/\/QID6\/SelectableChoice\/13","Type":"Expression","Description":"<span class=\"ConjDesc\">Or<\/span> <span class=\"QuestionDesc\">In the last 24 hours, unrelated to a chronic condition or seasonal allergies, I've experienced one or more of the following. Please select all that you've experienced, or none of the above.<\/span> <span class=\"LeftOpDesc\">cough<\/span> <span class=\"OpDesc\">Is Selected<\/span> ","Conjuction":"Or"},"4":{"LogicType":"Question","QuestionID":"QID6","QuestionIsInLoop":"no","ChoiceLocator":"q:\/\/QID6\/SelectableChoice\/14","Operator":"Selected","QuestionIDFromLocator":"QID6","LeftOperand":"q:\/\/QID6\/SelectableChoice\/14","Type":"Expression","Description":"<span class=\"ConjDesc\">Or<\/span> <span class=\"QuestionDesc\">In the last 24 hours, unrelated to a chronic condition or seasonal allergies, I've experienced one or more of the following. Please select all that you've experienced, or none of the above.<\/span> <span class=\"LeftOpDesc\">congestion<\/span> <span class=\"OpDesc\">Is Selected<\/span> ","Conjuction":"Or"},"5":{"LogicType":"Question","QuestionID":"QID6","QuestionIsInLoop":"no","ChoiceLocator":"q:\/\/QID6\/SelectableChoice\/15","Operator":"Selected","QuestionIDFromLocator":"QID6","LeftOperand":"q:\/\/QID6\/SelectableChoice\/15","Type":"Expression","Description":"<span class=\"ConjDesc\">Or<\/span> <span class=\"QuestionDesc\">In the last 24 hours, unrelated to a chronic condition or seasonal allergies, I've experienced one or more of the following. Please select all that you've experienced, or none of the above.<\/span> <span class=\"LeftOpDesc\">runny nose<\/span> <span class=\"OpDesc\">Is Selected<\/span> ","Conjuction":"Or"},"6":{"LogicType":"Question","QuestionID":"QID6","QuestionIsInLoop":"no","ChoiceLocator":"q:\/\/QID6\/SelectableChoice\/16","Operator":"Selected","QuestionIDFromLocator":"QID6","LeftOperand":"q:\/\/QID6\/SelectableChoice\/16","Type":"Expression","Description":"<span class=\"ConjDesc\">Or<\/span> <span class=\"QuestionDesc\">In the last 24 hours, unrelated to a chronic condition or seasonal allergies, I've experienced one or more of the following. Please select all that you've experienced, or none of the above.<\/span> <span class=\"LeftOpDesc\">loss of taste<\/span> <span class=\"OpDesc\">Is Selected<\/span> ","Conjuction":"Or"},"7":{"LogicType":"Question","QuestionID":"QID6","QuestionIsInLoop":"no","ChoiceLocator":"q:\/\/QID6\/SelectableChoice\/17","Operator":"Selected","QuestionIDFromLocator":"QID6","LeftOperand":"q:\/\/QID6\/SelectableChoice\/17","Type":"Expression","Description":"<span class=\"ConjDesc\">Or<\/span> <span class=\"QuestionDesc\">In the last 24 hours, unrelated to a chronic condition or seasonal allergies, I've experienced one or more of the following. Please select all that you've experienced, or none of the above.<\/span> <span class=\"LeftOpDesc\">loss of smell<\/span> <span class=\"OpDesc\">Is Selected<\/span> ","Conjuction":"Or"},"Type":"If"},"Type":"BooleanExpression"},"Flow":[{"Type":"EndSurvey","FlowID":"FL_16","EndingType":"Advanced","Options":{"Advanced":"true","SurveyTermination":"DisplayMessage","EOSMessageLibrary":"UR_6iiCiW3IUV8KIWV","EOSMessage":"MS_7VrA0drNxX5oyTH"}}]},{"Type":"Branch","FlowID":"FL_17","Description":"New Branch","BranchLogic":{"0":{"0":{"LogicType":"Question","QuestionID":"QID6","QuestionIsInLoop":"no","ChoiceLocator":"q:\/\/QID6\/SelectableChoice\/18","Operator":"Selected","QuestionIDFromLocator":"QID6","LeftOperand":"q:\/\/QID6\/SelectableChoice\/18","Type":"Expression","Description":"<span class=\"ConjDesc\">If<\/span> <span class=\"QuestionDesc\">In the last 24 hours, unrelated to a chronic condition or seasonal allergies, I've experienced one or more of the following. Please select all that you've experienced, or none of the above.<\/span> <span class=\"LeftOpDesc\">none of the above<\/span> <span class=\"OpDesc\">Is Selected<\/span> "},"1":{"LogicType":"Question","QuestionID":"QID1","QuestionIsInLoop":"no","ChoiceLocator":"q:\/\/QID1\/SelectableChoice\/3","Operator":"Selected","QuestionIDFromLocator":"QID1","LeftOperand":"q:\/\/QID1\/SelectableChoice\/3","Type":"Expression","Description":"<span class=\"ConjDesc\">And<\/span> <span class=\"QuestionDesc\">To support my health and the wellness of our community, I wear a mask, physically distance myself...<\/span> <span class=\"LeftOpDesc\">True<\/span> <span class=\"OpDesc\">Is Selected<\/span> ","Conjuction":"And"},"Type":"If"},"Type":"BooleanExpression"},"Flow":[{"Type":"EndSurvey","FlowID":"FL_18","EndingType":"Advanced","Options":{"Advanced":"true","SurveyTermination":"DisplayMessage","EOSMessageLibrary":"UR_6iiCiW3IUV8KIWV","EOSMessage":"MS_5v6DH0xauvgHpCl"}}]},{"Type":"Branch","FlowID":"FL_19","Description":"New Branch","BranchLogic":{"0":{"0":{"LogicType":"Question","QuestionID":"QID6","QuestionIsInLoop":"no","ChoiceLocator":"q:\/\/QID6\/SelectableChoice\/18","Operator":"Selected","QuestionIDFromLocator":"QID6","LeftOperand":"q:\/\/QID6\/SelectableChoice\/18","Type":"Expression","Description":"<span class=\"ConjDesc\">If<\/span> <span class=\"QuestionDesc\">In the last 24 hours, unrelated to a chronic condition or seasonal allergies, I've experienced one or more of the following. Please select all that you've experienced, or none of the above.<\/span> <span class=\"LeftOpDesc\">none of the above<\/span> <span class=\"OpDesc\">Is Selected<\/span> "},"1":{"LogicType":"Question","QuestionID":"QID1","QuestionIsInLoop":"no","ChoiceLocator":"q:\/\/QID1\/SelectableChoice\/4","Operator":"Selected","QuestionIDFromLocator":"QID1","LeftOperand":"q:\/\/QID1\/SelectableChoice\/4","Type":"Expression","Description":"<span class=\"ConjDesc\">And<\/span> <span class=\"QuestionDesc\">To support my health and the wellness of our community, I wear a mask, physically distance myself...<\/span> <span class=\"LeftOpDesc\">False<\/span> <span class=\"OpDesc\">Is Selected<\/span> ","Conjuction":"And"},"Type":"If"},"Type":"BooleanExpression"},"Flow":[{"Type":"EndSurvey","FlowID":"FL_20","EndingType":"Advanced","Options":{"Advanced":"true","SurveyTermination":"DisplayMessage","EOSMessageLibrary":"UR_6iiCiW3IUV8KIWV","EOSMessage":"MS_1FjKjdFg5oO7ZfT"}}]}]}],"Properties":{"Count":20,"RemovedFieldsets":[]}}},{"SurveyID":"SV_agEAHklmOfmgZz7","Element":"RS","PrimaryAttribute":"RS_3VsNwgaWpKZiGPP","SecondaryAttribute":null,"TertiaryAttribute":null,"Payload":null},{"SurveyID":"SV_agEAHklmOfmgZz7","Element":"SO","PrimaryAttribute":"Survey Options","SecondaryAttribute":null,"TertiaryAttribute":null,"Payload":{"BackButton":"false","SaveAndContinue":"true","SurveyProtection":"PublicSurvey","BallotBoxStuffingPrevention":"false","NoIndex":"Yes","SecureResponseFiles":"true","SurveyExpiration":"None","SurveyTermination":"DefaultMessage","Header":"","Footer":"","ProgressBarDisplay":"None","PartialData":"+1 week","ValidationMessage":"","PreviousButton":" \u2190 ","NextButton":" \u2192 ","SurveyTitle":"Online Survey Software | Qualtrics Survey Solutions","SkinLibrary":"wmsas","SkinType":"templated","Skin":{"brandingId":null,"templateId":"*base","overrides":null},"NewScoring":1,"ProtectSelectionIds":true,"SurveyName":"COVID-19 Daily Self Check","CustomStyles":[]}},{"SurveyID":"SV_agEAHklmOfmgZz7","Element":"SCO","PrimaryAttribute":"Scoring","SecondaryAttribute":null,"TertiaryAttribute":null,"Payload":{"ScoringCategories":[],"ScoringCategoryGroups":[],"ScoringSummaryCategory":null,"ScoringSummaryAfterQuestions":0,"ScoringSummaryAfterSurvey":0,"DefaultScoringCategory":null,"AutoScoringCategory":null}},{"SurveyID":"SV_agEAHklmOfmgZz7","Element":"PROJ","PrimaryAttribute":"CORE","SecondaryAttribute":null,"TertiaryAttribute":"1.1.0","Payload":{"ProjectCategory":"CORE","SchemaVersion":"1.1.0"}},{"SurveyID":"SV_agEAHklmOfmgZz7","Element":"STAT","PrimaryAttribute":"Survey Statistics","SecondaryAttribute":null,"TertiaryAttribute":null,"Payload":{"MobileCompatible":true,"ID":"Survey Statistics"}},{"SurveyID":"SV_agEAHklmOfmgZz7","Element":"QC","PrimaryAttribute":"Survey Question Count","SecondaryAttribute":"6","TertiaryAttribute":null,"Payload":null},{"SurveyID":"SV_agEAHklmOfmgZz7","Element":"SQ","PrimaryAttribute":"QID2","SecondaryAttribute":"I've experienced one or more of the following symptoms in the last 24 hours unrelated to a chroni...","TertiaryAttribute":null,"Payload":{"QuestionText":"I've experienced one or more of the following symptoms in the last 24 hours unrelated to a chronic condition or seasonal allergies.&nbsp;&nbsp;<div>\n<ul>\n\t<li>shortness of breath<\/li>\n\t<li>blue lips or face<\/li>\n\t<li>difficulty breathing<\/li>\n\t<li>a loss of cognitive function<\/li>\n<\/ul>\n<\/div>","DataExportTag":"Red","QuestionType":"MC","Selector":"SAVR","SubSelector":"TX","Configuration":{"QuestionDescriptionOption":"UseText","Autoscale":{"YScale":{"Name":"yesNo","Type":"likert","Reverse":false}}},"QuestionDescription":"I've experienced one or more of the following symptoms in the last 24 hours unrelated to a chroni...","Choices":{"1":{"Display":"True"},"2":{"Display":"False"}},"ChoiceOrder":[1,2],"Validation":{"Settings":{"ForceResponse":"OFF","ForceResponseType":"ON","Type":"None"}},"Language":[],"NextChoiceId":3,"NextAnswerId":1,"QuestionID":"QID2","DataVisibility":{"Private":false,"Hidden":false}}},{"SurveyID":"SV_agEAHklmOfmgZz7","Element":"SQ","PrimaryAttribute":"QID6","SecondaryAttribute":"I've experienced one or more of the following symptoms in the last 24 hours, unrelated to a chron...","TertiaryAttribute":null,"Payload":{"QuestionText":"I've experienced one or more of the following symptoms in the last 24 hours, unrelated to a chronic condition or seasonal allergies. Please select all that apply.","DataExportTag":"Yellow","QuestionType":"MC","Selector":"MAVR","SubSelector":"TX","DataVisibility":{"Private":false,"Hidden":false},"Configuration":{"QuestionDescriptionOption":"UseText"},"QuestionDescription":"I've experienced one or more of the following symptoms in the last 24 hours, unrelated to a chron...","Choices":{"10":{"Display":"headache"},"11":{"Display":"fever"},"12":{"Display":"chills"},"13":{"Display":"cough"},"14":{"Display":"congestion"},"15":{"Display":"runny nose"},"16":{"Display":"loss of taste"},"17":{"Display":"loss of smell"},"18":{"Display":"none of the above"}},"ChoiceOrder":["10","11","12","13","14","15","16","17","18"],"Validation":{"Settings":{"ForceResponse":"OFF","ForceResponseType":"ON","Type":"None"}},"AnalyzeChoices":{"18":"No"},"Language":[],"NextChoiceId":19,"NextAnswerId":1,"QuestionID":"QID6"}},{"SurveyID":"SV_agEAHklmOfmgZz7","Element":"SQ","PrimaryAttribute":"QID4","SecondaryAttribute":"If I experience symptoms, or receive notification I've been exposed, I will follow instructions g...","TertiaryAttribute":null,"Payload":{"QuestionText":"If I experience symptoms, or receive notification I've been exposed, I will follow instructions given by the university.&nbsp;","DataExportTag":"Exposure","QuestionType":"MC","Selector":"SAVR","SubSelector":"TX","Configuration":{"QuestionDescriptionOption":"UseText"},"QuestionDescription":"If I experience symptoms, or receive notification I've been exposed, I will follow instructions g...","Choices":{"1":{"Display":"True"},"2":{"Display":"False"}},"ChoiceOrder":["1","2"],"Validation":{"Settings":{"ForceResponse":"OFF","ForceResponseType":"ON","Type":"None"}},"Language":[],"NextChoiceId":4,"NextAnswerId":1,"QuestionID":"QID4","DataVisibility":{"Private":false,"Hidden":false}}},{"SurveyID":"SV_agEAHklmOfmgZz7","Element":"SQ","PrimaryAttribute":"QID3","SecondaryAttribute":"In the last 24 hours, unrelated to a chronic condition or seasonal allergies, I've experienced on...","TertiaryAttribute":null,"Payload":{"QuestionText":"In the last 24 hours, unrelated to a chronic condition or seasonal allergies, I've experienced one or more of the following.<ul>\n\t<li>headache<\/li>\n\t<li>fever<\/li>\n\t<li>chills<\/li>\n\t<li>cough<\/li>\n\t<li>congestion<\/li>\n\t<li>runny nose<\/li>\n\t<li>loss of taste<\/li>\n\t<li>loss of smell<\/li>\n<\/ul>","DataExportTag":"Yellow","QuestionType":"MC","Selector":"SAVR","SubSelector":"TX","Configuration":{"QuestionDescriptionOption":"UseText","Autoscale":{"YScale":{"Name":"yesNo","Type":"likert","Reverse":false}}},"QuestionDescription":"In the last 24 hours, unrelated to a chronic condition or seasonal allergies, I've experienced on...","Choices":{"1":{"Display":"True"},"2":{"Display":"False"}},"ChoiceOrder":[1,2],"Validation":{"Settings":{"ForceResponse":"OFF","ForceResponseType":"ON","Type":"None"}},"Language":[],"NextChoiceId":3,"NextAnswerId":1,"QuestionID":"QID3","DataVisibility":{"Private":false,"Hidden":false}}},{"SurveyID":"SV_agEAHklmOfmgZz7","Element":"SQ","PrimaryAttribute":"QID5","SecondaryAttribute":"Red Question: In the last 24 hours, unrelated to a chronic condition or seasonal allergies, I've...","TertiaryAttribute":null,"Payload":{"QuestionText":"Red Question: In the last 24 hours, unrelated to a chronic condition or seasonal allergies, I've experienced shortness of breath, blue lips or face, difficulty breathing, or a loss of cognitive function.","DataExportTag":"Q7","QuestionType":"MC","Selector":"SAVR","SubSelector":"TX","Configuration":{"QuestionDescriptionOption":"UseText"},"QuestionDescription":"Red Question: In the last 24 hours, unrelated to a chronic condition or seasonal allergies, I've...","Choices":{"1":{"Display":"Yes"},"2":{"Display":"No"}},"ChoiceOrder":["1","2"],"Validation":{"Settings":{"ForceResponse":"OFF","ForceResponseType":"ON","Type":"None"}},"Language":[],"NextChoiceId":4,"NextAnswerId":1,"QuestionID":"QID5"}},{"SurveyID":"SV_agEAHklmOfmgZz7","Element":"SQ","PrimaryAttribute":"QID1","SecondaryAttribute":"To support my health and the wellness of our community, I wear a mask, physically distance myself...","TertiaryAttribute":null,"Payload":{"QuestionText":"To support my health and the wellness of our community, I wear a mask, physically distance myself from others, avoid large crowds, and wash hands frequently and thoroughly.","DataExportTag":"Wellness","QuestionType":"MC","Selector":"SAVR","SubSelector":"TX","Configuration":{"QuestionDescriptionOption":"UseText"},"QuestionDescription":"To support my health and the wellness of our community, I wear a mask, physically distance myself...","Choices":{"3":{"Display":"True"},"4":{"Display":"False"}},"ChoiceOrder":["3","4"],"Validation":{"Settings":{"ForceResponse":"OFF","ForceResponseType":"ON","Type":"None"}},"Language":[],"NextChoiceId":5,"NextAnswerId":1,"QuestionID":"QID1","DataVisibility":{"Private":false,"Hidden":false}}}]}